
Microsoft Visual Studio Solution File, Format Version 12.00
# Visual Studio Version 17
VisualStudioVersion = 17.11.35208.52
MinimumVisualStudioVersion = 10.0.40219.1
Project("{9A19103F-16F7-4668-BE54-9A1E7A4F7556}") = "QJ.Communication.Core", "QJ.Communication.Core\QJ.Communication.Core.csproj", "{D73A6222-C42C-4341-98AF-0F73A00D2F57}"
EndProject

Project("{FAE04EC0-301F-11D3-BF4B-00C04F79EFBC}") = "QJ.Communication.FrameTest", "QJ.Communication.FrameTest\QJ.Communication.FrameTest.csproj", "{436FC967-3AA9-4313-88CE-3B0FD1F18902}"
EndProject

Global
	GlobalSection(SolutionConfigurationPlatforms) = preSolution
		Debug|Any CPU = Debug|Any CPU
		Release|Any CPU = Release|Any CPU
	EndGlobalSection
	GlobalSection(ProjectConfigurationPlatforms) = postSolution
		{D73A6222-C42C-4341-98AF-0F73A00D2F57}.Debug|Any CPU.ActiveCfg = Debug|Any CPU
		{D73A6222-C42C-4341-98AF-0F73A00D2F57}.Debug|Any CPU.Build.0 = Debug|Any CPU
		{D73A6222-C42C-4341-98AF-0F73A00D2F57}.Release|Any CPU.ActiveCfg = Release|Any CPU
		{D73A6222-C42C-4341-98AF-0F73A00D2F57}.Release|Any CPU.Build.0 = Release|Any CPU
		{D6B64561-73A2-4E24-BBBC-D96DB3979D2C}.Debug|Any CPU.ActiveCfg = Debug|Any CPU
		{D6B64561-73A2-4E24-BBBC-D96DB3979D2C}.Debug|Any CPU.Build.0 = Debug|Any CPU
		{D6B64561-73A2-4E24-BBBC-D96DB3979D2C}.Release|Any CPU.ActiveCfg = Release|Any CPU
		{D6B64561-73A2-4E24-BBBC-D96DB3979D2C}.Release|Any CPU.Build.0 = Release|Any CPU
		{06EF2864-AC64-4DC8-8CA5-093500E818AE}.Debug|Any CPU.ActiveCfg = Debug|Any CPU
		{06EF2864-AC64-4DC8-8CA5-093500E818AE}.Debug|Any CPU.Build.0 = Debug|Any CPU
		{06EF2864-AC64-4DC8-8CA5-093500E818AE}.Release|Any CPU.ActiveCfg = Release|Any CPU
		{06EF2864-AC64-4DC8-8CA5-093500E818AE}.Release|Any CPU.Build.0 = Release|Any CPU
		{398856A4-9458-4427-8A84-A78A7E0BDD9C}.Debug|Any CPU.ActiveCfg = Debug|Any CPU
		{398856A4-9458-4427-8A84-A78A7E0BDD9C}.Debug|Any CPU.Build.0 = Debug|Any CPU
		{398856A4-9458-4427-8A84-A78A7E0BDD9C}.Release|Any CPU.ActiveCfg = Release|Any CPU
		{398856A4-9458-4427-8A84-A78A7E0BDD9C}.Release|Any CPU.Build.0 = Release|Any CPU
		{9705B211-960D-4066-A97D-358F2715024A}.Debug|Any CPU.ActiveCfg = Debug|Any CPU
		{9705B211-960D-4066-A97D-358F2715024A}.Debug|Any CPU.Build.0 = Debug|Any CPU
		{9705B211-960D-4066-A97D-358F2715024A}.Release|Any CPU.ActiveCfg = Release|Any CPU
		{9705B211-960D-4066-A97D-358F2715024A}.Release|Any CPU.Build.0 = Release|Any CPU
		{48000960-4D8B-49EB-B4BB-F308486C11AC}.Debug|Any CPU.ActiveCfg = Debug|Any CPU
		{48000960-4D8B-49EB-B4BB-F308486C11AC}.Debug|Any CPU.Build.0 = Debug|Any CPU
		{48000960-4D8B-49EB-B4BB-F308486C11AC}.Release|Any CPU.ActiveCfg = Release|Any CPU
		{48000960-4D8B-49EB-B4BB-F308486C11AC}.Release|Any CPU.Build.0 = Release|Any CPU
		{2FAD41EF-E974-49D2-8C11-1911E7AAAD9E}.Debug|Any CPU.ActiveCfg = Debug|Any CPU
		{2FAD41EF-E974-49D2-8C11-1911E7AAAD9E}.Debug|Any CPU.Build.0 = Debug|Any CPU
		{2FAD41EF-E974-49D2-8C11-1911E7AAAD9E}.Release|Any CPU.ActiveCfg = Release|Any CPU
		{2FAD41EF-E974-49D2-8C11-1911E7AAAD9E}.Release|Any CPU.Build.0 = Release|Any CPU
		{2B709CB3-4C30-45D6-862C-8F20AA363B51}.Debug|Any CPU.ActiveCfg = Debug|Any CPU
		{2B709CB3-4C30-45D6-862C-8F20AA363B51}.Debug|Any CPU.Build.0 = Debug|Any CPU
		{2B709CB3-4C30-45D6-862C-8F20AA363B51}.Release|Any CPU.ActiveCfg = Release|Any CPU
		{2B709CB3-4C30-45D6-862C-8F20AA363B51}.Release|Any CPU.Build.0 = Release|Any CPU
		{30DF371E-88FF-4D93-A0D2-4DAFFD3006E0}.Debug|Any CPU.ActiveCfg = Debug|Any CPU
		{30DF371E-88FF-4D93-A0D2-4DAFFD3006E0}.Debug|Any CPU.Build.0 = Debug|Any CPU
		{30DF371E-88FF-4D93-A0D2-4DAFFD3006E0}.Release|Any CPU.ActiveCfg = Release|Any CPU
		{30DF371E-88FF-4D93-A0D2-4DAFFD3006E0}.Release|Any CPU.Build.0 = Release|Any CPU
		{436FC967-3AA9-4313-88CE-3B0FD1F18902}.Debug|Any CPU.ActiveCfg = Debug|Any CPU
		{436FC967-3AA9-4313-88CE-3B0FD1F18902}.Debug|Any CPU.Build.0 = Debug|Any CPU
		{436FC967-3AA9-4313-88CE-3B0FD1F18902}.Release|Any CPU.ActiveCfg = Release|Any CPU
		{436FC967-3AA9-4313-88CE-3B0FD1F18902}.Release|Any CPU.Build.0 = Release|Any CPU
		{52790DCF-C4E6-4DFB-87EA-EAA0966F0EA2}.Debug|Any CPU.ActiveCfg = Debug|Any CPU
		{52790DCF-C4E6-4DFB-87EA-EAA0966F0EA2}.Debug|Any CPU.Build.0 = Debug|Any CPU
		{52790DCF-C4E6-4DFB-87EA-EAA0966F0EA2}.Release|Any CPU.ActiveCfg = Release|Any CPU
		{52790DCF-C4E6-4DFB-87EA-EAA0966F0EA2}.Release|Any CPU.Build.0 = Release|Any CPU
	EndGlobalSection
	GlobalSection(SolutionProperties) = preSolution
		HideSolutionNode = FALSE
	EndGlobalSection
	GlobalSection(NestedProjects) = preSolution
		{D73A6222-C42C-4341-98AF-0F73A00D2F57} = {193DCAB5-2BF6-4749-9324-022741813661}
		{D6B64561-73A2-4E24-BBBC-D96DB3979D2C} = {EA0577DB-4A9C-4202-BAF7-BAAD9D358874}
		{958450E1-3FD4-471C-859D-6516240DB9D4} = {193DCAB5-2BF6-4749-9324-022741813661}
		{BB2AB8EA-B474-4CB2-AAB9-741D3A3A6D00} = {958450E1-3FD4-471C-859D-6516240DB9D4}
		{F99E7047-8322-418C-9279-099A57D769AE} = {958450E1-3FD4-471C-859D-6516240DB9D4}
		{06EF2864-AC64-4DC8-8CA5-093500E818AE} = {F99E7047-8322-418C-9279-099A57D769AE}
		{398856A4-9458-4427-8A84-A78A7E0BDD9C} = {EA0577DB-4A9C-4202-BAF7-BAAD9D358874}
		{9705B211-960D-4066-A97D-358F2715024A} = {EA0577DB-4A9C-4202-BAF7-BAAD9D358874}
		{48000960-4D8B-49EB-B4BB-F308486C11AC} = {BB2AB8EA-B474-4CB2-AAB9-741D3A3A6D00}
		{2FAD41EF-E974-49D2-8C11-1911E7AAAD9E} = {0645E124-9682-4D5A-AFEB-616978B66D6A}
		{2B709CB3-4C30-45D6-862C-8F20AA363B51} = {0645E124-9682-4D5A-AFEB-616978B66D6A}
		{30DF371E-88FF-4D93-A0D2-4DAFFD3006E0} = {BB2AB8EA-B474-4CB2-AAB9-741D3A3A6D00}
		{436FC967-3AA9-4313-88CE-3B0FD1F18902} = {EA0577DB-4A9C-4202-BAF7-BAAD9D358874}
		{52790DCF-C4E6-4DFB-87EA-EAA0966F0EA2} = {BB2AB8EA-B474-4CB2-AAB9-741D3A3A6D00}
	EndGlobalSection
	GlobalSection(ExtensibilityGlobals) = postSolution
		SolutionGuid = {46D74B47-3177-4008-92B2-4AC92A6711DF}
	EndGlobalSection
EndGlobal
