
Microsoft Visual Studio Solution File, Format Version 12.00
# Visual Studio Version 17
VisualStudioVersion = 17.11.35208.52
MinimumVisualStudioVersion = 10.0.40219.1
Project("{9A19103F-16F7-4668-BE54-9A1E7A4F7556}") = "QJ.Communication.Core", "QJ.Communication.Core\QJ.Communication.Core.csproj", "{D73A6222-C42C-4341-98AF-0F73A00D2F57}"
EndProject
Project("{FAE04EC0-301F-11D3-BF4B-00C04F79EFBC}") = "QJ.Communication.FrameTest", "QJ.Communication.FrameTest\QJ.Communication.FrameTest.csproj", "{436FC967-3AA9-4313-88CE-3B0FD1F18902}"
EndProject
Project("{FAE04EC0-301F-11D3-BF4B-00C04F79EFBC}") = "QJ.Communication.Demo1", "QJ.Communication.Demo1\QJ.Communication.Demo1.csproj", "{A9687B74-F614-4C65-B04E-7D5D623B876D}"
EndProject
Project("{2150E333-8FDC-42A3-9474-1A3956D46DE8}") = "方案項目", "方案項目", "{AA8FC6B4-EF92-48B9-B9AD-1AF80E8F24AD}"
	ProjectSection(SolutionItems) = preProject
		Directory.Build.props = Directory.Build.props
		README.md = README.md
	EndProjectSection
EndProject
Global
	GlobalSection(SolutionConfigurationPlatforms) = preSolution
		Debug|Any CPU = Debug|Any CPU
		Release|Any CPU = Release|Any CPU
	EndGlobalSection
	GlobalSection(ProjectConfigurationPlatforms) = postSolution
		{D73A6222-C42C-4341-98AF-0F73A00D2F57}.Debug|Any CPU.ActiveCfg = Debug|Any CPU
		{D73A6222-C42C-4341-98AF-0F73A00D2F57}.Debug|Any CPU.Build.0 = Debug|Any CPU
		{D73A6222-C42C-4341-98AF-0F73A00D2F57}.Release|Any CPU.ActiveCfg = Release|Any CPU
		{D73A6222-C42C-4341-98AF-0F73A00D2F57}.Release|Any CPU.Build.0 = Release|Any CPU
		{436FC967-3AA9-4313-88CE-3B0FD1F18902}.Debug|Any CPU.ActiveCfg = Debug|Any CPU
		{436FC967-3AA9-4313-88CE-3B0FD1F18902}.Debug|Any CPU.Build.0 = Debug|Any CPU
		{436FC967-3AA9-4313-88CE-3B0FD1F18902}.Release|Any CPU.ActiveCfg = Release|Any CPU
		{436FC967-3AA9-4313-88CE-3B0FD1F18902}.Release|Any CPU.Build.0 = Release|Any CPU
		{A9687B74-F614-4C65-B04E-7D5D623B876D}.Debug|Any CPU.ActiveCfg = Debug|Any CPU
		{A9687B74-F614-4C65-B04E-7D5D623B876D}.Debug|Any CPU.Build.0 = Debug|Any CPU
		{A9687B74-F614-4C65-B04E-7D5D623B876D}.Release|Any CPU.ActiveCfg = Release|Any CPU
		{A9687B74-F614-4C65-B04E-7D5D623B876D}.Release|Any CPU.Build.0 = Release|Any CPU
	EndGlobalSection
	GlobalSection(SolutionProperties) = preSolution
		HideSolutionNode = FALSE
	EndGlobalSection
	GlobalSection(ExtensibilityGlobals) = postSolution
		SolutionGuid = {46D74B47-3177-4008-92B2-4AC92A6711DF}
	EndGlobalSection
EndGlobal
